// !$*UTF8*$!
{
	archiveVersion = 1;
	classes = {
	};
	objectVersion = 56;
	objects = {

/* Begin PBXBuildFile section */
		131501CD2C61FCA000AAA4A2 /* AlarmSettingView.swift in Sources */ = {isa = PBXBuildFile; fileRef = 131501CC2C61FCA000AAA4A2 /* AlarmSettingView.swift */; };
		1A0D96752C59287600784CBA /* TodoItemView.swift in Sources */ = {isa = PBXBuildFile; fileRef = 1A0D96742C59287600784CBA /* TodoItemView.swift */; };
		1A0D96832C5A14F300784CBA /* CameraViewModel.swift in Sources */ = {isa = PBXBuildFile; fileRef = 1A0D96822C5A14F300784CBA /* CameraViewModel.swift */; };
		1A0D96852C5A150D00784CBA /* CameraPreview.swift in Sources */ = {isa = PBXBuildFile; fileRef = 1A0D96842C5A150D00784CBA /* CameraPreview.swift */; };
		1A0D96872C5A152A00784CBA /* MakeTodoView.swift in Sources */ = {isa = PBXBuildFile; fileRef = 1A0D96862C5A152A00784CBA /* MakeTodoView.swift */; };
		1A2778DE2C56395900A02C7E /* PhotoTodoApp.swift in Sources */ = {isa = PBXBuildFile; fileRef = 1A2778DD2C56395900A02C7E /* PhotoTodoApp.swift */; };
		1A2778E42C56395A00A02C7E /* Assets.xcassets in Resources */ = {isa = PBXBuildFile; fileRef = 1A2778E32C56395A00A02C7E /* Assets.xcassets */; };
		1A2778E72C56395A00A02C7E /* Preview Assets.xcassets in Resources */ = {isa = PBXBuildFile; fileRef = 1A2778E62C56395A00A02C7E /* Preview Assets.xcassets */; };
		1A2778F42C57415900A02C7E /* CameraView.swift in Sources */ = {isa = PBXBuildFile; fileRef = 1A2778F32C57415900A02C7E /* CameraView.swift */; };
		1A2778F62C57416800A02C7E /* FolderListView.swift in Sources */ = {isa = PBXBuildFile; fileRef = 1A2778F52C57416800A02C7E /* FolderListView.swift */; };
		1A2778F82C5741BD00A02C7E /* MasterTodoView.swift in Sources */ = {isa = PBXBuildFile; fileRef = 1A2778F72C5741BD00A02C7E /* MasterTodoView.swift */; };
		1A2778FA2C5741CF00A02C7E /* TodoGridView.swift in Sources */ = {isa = PBXBuildFile; fileRef = 1A2778F92C5741CF00A02C7E /* TodoGridView.swift */; };
		1A2778FC2C57719B00A02C7E /* DashBoardView.swift in Sources */ = {isa = PBXBuildFile; fileRef = 1A2778FB2C57719B00A02C7E /* DashBoardView.swift */; };
		1A2E5C822C5B557200BAFD13 /* SkeletonUI in Frameworks */ = {isa = PBXBuildFile; productRef = 1A2E5C812C5B557200BAFD13 /* SkeletonUI */; };
		1A2E5C842C5B573400BAFD13 /* FolderCarouselView.swift in Sources */ = {isa = PBXBuildFile; fileRef = 1A2E5C832C5B573400BAFD13 /* FolderCarouselView.swift */; };
		1A2E5C882C5B990D00BAFD13 /* TodoCompositeGridView.swift in Sources */ = {isa = PBXBuildFile; fileRef = 1A2E5C872C5B990D00BAFD13 /* TodoCompositeGridView.swift */; };
		1A2E5C8A2C5C617D00BAFD13 /* MainTabView.swift in Sources */ = {isa = PBXBuildFile; fileRef = 1A2E5C892C5C617D00BAFD13 /* MainTabView.swift */; };
		1A2E5C902C634BAE00BAFD13 /* DoneListView.swift in Sources */ = {isa = PBXBuildFile; fileRef = 1A2E5C8F2C634BAE00BAFD13 /* DoneListView.swift */; };
		1A619E4A2C7DC68A0082FD5C /* ToastView.swift in Sources */ = {isa = PBXBuildFile; fileRef = 1A619E492C7DC68A0082FD5C /* ToastView.swift */; };
		1AFB127E2C69C22D00952121 /* Collections in Frameworks */ = {isa = PBXBuildFile; productRef = 1AFB127D2C69C22D00952121 /* Collections */; };
		1AFB12A42C77243A00952121 /* ShareViewController.swift in Sources */ = {isa = PBXBuildFile; fileRef = 1AFB12A32C77243A00952121 /* ShareViewController.swift */; };
		1AFB12A72C77243A00952121 /* Base in Resources */ = {isa = PBXBuildFile; fileRef = 1AFB12A62C77243A00952121 /* Base */; };
		1AFB12AB2C77243A00952121 /* ShareImage.appex in Embed Foundation Extensions */ = {isa = PBXBuildFile; fileRef = 1AFB12A12C77243A00952121 /* ShareImage.appex */; settings = {ATTRIBUTES = (RemoveHeadersOnCopy, ); }; };
		1AFB12B12C77245500952121 /* PhotoTodoModel.swift in Sources */ = {isa = PBXBuildFile; fileRef = 1AFB12B02C77245500952121 /* PhotoTodoModel.swift */; };
		1AFB12B22C77245500952121 /* PhotoTodoModel.swift in Sources */ = {isa = PBXBuildFile; fileRef = 1AFB12B02C77245500952121 /* PhotoTodoModel.swift */; };
		3C0D21922D26EC2600F2FED8 /* AlarmSettingViewModel.swift in Sources */ = {isa = PBXBuildFile; fileRef = 3C0D21912D26EC2600F2FED8 /* AlarmSettingViewModel.swift */; };
		3C0D21942D2AB59D00F2FED8 /* MainTabViewModel.swift in Sources */ = {isa = PBXBuildFile; fileRef = 3C0D21932D2AB59D00F2FED8 /* MainTabViewModel.swift */; };
		3C90390D2C623EFF00025335 /* Date+Extension.swift in Sources */ = {isa = PBXBuildFile; fileRef = 3C90390C2C623EFF00025335 /* Date+Extension.swift */; };
		3CB22B5D2CC8EA3B00337F9E /* OnboardingView.swift in Sources */ = {isa = PBXBuildFile; fileRef = 3CB22B5C2CC8EA3B00337F9E /* OnboardingView.swift */; };
		3CC1139B2C69169B00281EBD /* NotificationManager.swift in Sources */ = {isa = PBXBuildFile; fileRef = 3CC1139A2C69169A00281EBD /* NotificationManager.swift */; };
		4F46B28B2C5C7E2100556646 /* FolderEditView.swift in Sources */ = {isa = PBXBuildFile; fileRef = 4F46B28A2C5C7E2100556646 /* FolderEditView.swift */; };
/* End PBXBuildFile section */

/* Begin PBXContainerItemProxy section */
		1AFB12A92C77243A00952121 /* PBXContainerItemProxy */ = {
			isa = PBXContainerItemProxy;
			containerPortal = 1A2778D22C56395900A02C7E /* Project object */;
			proxyType = 1;
			remoteGlobalIDString = 1AFB12A02C77243A00952121;
			remoteInfo = ShareImage;
		};
/* End PBXContainerItemProxy section */

/* Begin PBXCopyFilesBuildPhase section */
		1AFB12AF2C77243A00952121 /* Embed Foundation Extensions */ = {
			isa = PBXCopyFilesBuildPhase;
			buildActionMask = 2147483647;
			dstPath = "";
			dstSubfolderSpec = 13;
			files = (
				1AFB12AB2C77243A00952121 /* ShareImage.appex in Embed Foundation Extensions */,
			);
			name = "Embed Foundation Extensions";
			runOnlyForDeploymentPostprocessing = 0;
		};
/* End PBXCopyFilesBuildPhase section */

/* Begin PBXFileReference section */
		131501CC2C61FCA000AAA4A2 /* AlarmSettingView.swift */ = {isa = PBXFileReference; lastKnownFileType = sourcecode.swift; path = AlarmSettingView.swift; sourceTree = "<group>"; };
		1A0D96742C59287600784CBA /* TodoItemView.swift */ = {isa = PBXFileReference; lastKnownFileType = sourcecode.swift; path = TodoItemView.swift; sourceTree = "<group>"; };
		1A0D96822C5A14F300784CBA /* CameraViewModel.swift */ = {isa = PBXFileReference; lastKnownFileType = sourcecode.swift; path = CameraViewModel.swift; sourceTree = "<group>"; };
		1A0D96842C5A150D00784CBA /* CameraPreview.swift */ = {isa = PBXFileReference; lastKnownFileType = sourcecode.swift; path = CameraPreview.swift; sourceTree = "<group>"; };
		1A0D96862C5A152A00784CBA /* MakeTodoView.swift */ = {isa = PBXFileReference; lastKnownFileType = sourcecode.swift; path = MakeTodoView.swift; sourceTree = "<group>"; };
		1A2778DA2C56395900A02C7E /* PhotoTodo.app */ = {isa = PBXFileReference; explicitFileType = wrapper.application; includeInIndex = 0; path = PhotoTodo.app; sourceTree = BUILT_PRODUCTS_DIR; };
		1A2778DD2C56395900A02C7E /* PhotoTodoApp.swift */ = {isa = PBXFileReference; lastKnownFileType = sourcecode.swift; path = PhotoTodoApp.swift; sourceTree = "<group>"; };
		1A2778E32C56395A00A02C7E /* Assets.xcassets */ = {isa = PBXFileReference; lastKnownFileType = folder.assetcatalog; path = Assets.xcassets; sourceTree = "<group>"; };
		1A2778E62C56395A00A02C7E /* Preview Assets.xcassets */ = {isa = PBXFileReference; lastKnownFileType = folder.assetcatalog; path = "Preview Assets.xcassets"; sourceTree = "<group>"; };
		1A2778F32C57415900A02C7E /* CameraView.swift */ = {isa = PBXFileReference; lastKnownFileType = sourcecode.swift; path = CameraView.swift; sourceTree = "<group>"; };
		1A2778F52C57416800A02C7E /* FolderListView.swift */ = {isa = PBXFileReference; lastKnownFileType = sourcecode.swift; path = FolderListView.swift; sourceTree = "<group>"; };
		1A2778F72C5741BD00A02C7E /* MasterTodoView.swift */ = {isa = PBXFileReference; lastKnownFileType = sourcecode.swift; path = MasterTodoView.swift; sourceTree = "<group>"; };
		1A2778F92C5741CF00A02C7E /* TodoGridView.swift */ = {isa = PBXFileReference; lastKnownFileType = sourcecode.swift; path = TodoGridView.swift; sourceTree = "<group>"; };
		1A2778FB2C57719B00A02C7E /* DashBoardView.swift */ = {isa = PBXFileReference; lastKnownFileType = sourcecode.swift; path = DashBoardView.swift; sourceTree = "<group>"; };
		1A2E5C832C5B573400BAFD13 /* FolderCarouselView.swift */ = {isa = PBXFileReference; lastKnownFileType = sourcecode.swift; path = FolderCarouselView.swift; sourceTree = "<group>"; };
		1A2E5C872C5B990D00BAFD13 /* TodoCompositeGridView.swift */ = {isa = PBXFileReference; lastKnownFileType = sourcecode.swift; path = TodoCompositeGridView.swift; sourceTree = "<group>"; };
		1A2E5C892C5C617D00BAFD13 /* MainTabView.swift */ = {isa = PBXFileReference; lastKnownFileType = sourcecode.swift; path = MainTabView.swift; sourceTree = "<group>"; };
		1A2E5C8F2C634BAE00BAFD13 /* DoneListView.swift */ = {isa = PBXFileReference; lastKnownFileType = sourcecode.swift; path = DoneListView.swift; sourceTree = "<group>"; };
		1A619E492C7DC68A0082FD5C /* ToastView.swift */ = {isa = PBXFileReference; lastKnownFileType = sourcecode.swift; path = ToastView.swift; sourceTree = "<group>"; };
		1AFB12A12C77243A00952121 /* ShareImage.appex */ = {isa = PBXFileReference; explicitFileType = "wrapper.app-extension"; includeInIndex = 0; path = ShareImage.appex; sourceTree = BUILT_PRODUCTS_DIR; };
		1AFB12A32C77243A00952121 /* ShareViewController.swift */ = {isa = PBXFileReference; lastKnownFileType = sourcecode.swift; path = ShareViewController.swift; sourceTree = "<group>"; };
		1AFB12A62C77243A00952121 /* Base */ = {isa = PBXFileReference; lastKnownFileType = file.storyboard; name = Base; path = Base.lproj/MainInterface.storyboard; sourceTree = "<group>"; };
		1AFB12A82C77243A00952121 /* Info.plist */ = {isa = PBXFileReference; lastKnownFileType = text.plist.xml; path = Info.plist; sourceTree = "<group>"; };
		1AFB12B02C77245500952121 /* PhotoTodoModel.swift */ = {isa = PBXFileReference; lastKnownFileType = sourcecode.swift; path = PhotoTodoModel.swift; sourceTree = "<group>"; };
		1AFB12B32C7724B000952121 /* ShareImage.entitlements */ = {isa = PBXFileReference; lastKnownFileType = text.plist.entitlements; path = ShareImage.entitlements; sourceTree = "<group>"; };
		1AFB12B42C7724BC00952121 /* PhotoTodo.entitlements */ = {isa = PBXFileReference; lastKnownFileType = text.plist.entitlements; path = PhotoTodo.entitlements; sourceTree = "<group>"; };
		3C0D21912D26EC2600F2FED8 /* AlarmSettingViewModel.swift */ = {isa = PBXFileReference; lastKnownFileType = sourcecode.swift; path = AlarmSettingViewModel.swift; sourceTree = "<group>"; };
		3C0D21932D2AB59D00F2FED8 /* MainTabViewModel.swift */ = {isa = PBXFileReference; lastKnownFileType = sourcecode.swift; path = MainTabViewModel.swift; sourceTree = "<group>"; };
		3C90390C2C623EFF00025335 /* Date+Extension.swift */ = {isa = PBXFileReference; lastKnownFileType = sourcecode.swift; path = "Date+Extension.swift"; sourceTree = "<group>"; };
		3CB22B5C2CC8EA3B00337F9E /* OnboardingView.swift */ = {isa = PBXFileReference; lastKnownFileType = sourcecode.swift; path = OnboardingView.swift; sourceTree = "<group>"; };
		3CC1139A2C69169A00281EBD /* NotificationManager.swift */ = {isa = PBXFileReference; lastKnownFileType = sourcecode.swift; path = NotificationManager.swift; sourceTree = "<group>"; };
		3CC113B42C72036100281EBD /* Info.plist */ = {isa = PBXFileReference; lastKnownFileType = text.plist.xml; path = Info.plist; sourceTree = "<group>"; };
		4F46B28A2C5C7E2100556646 /* FolderEditView.swift */ = {isa = PBXFileReference; lastKnownFileType = sourcecode.swift; path = FolderEditView.swift; sourceTree = "<group>"; };
/* End PBXFileReference section */

/* Begin PBXFrameworksBuildPhase section */
		1A2778D72C56395900A02C7E /* Frameworks */ = {
			isa = PBXFrameworksBuildPhase;
			buildActionMask = 2147483647;
			files = (
				1AFB127E2C69C22D00952121 /* Collections in Frameworks */,
				1A2E5C822C5B557200BAFD13 /* SkeletonUI in Frameworks */,
			);
			runOnlyForDeploymentPostprocessing = 0;
		};
		1AFB129E2C77243A00952121 /* Frameworks */ = {
			isa = PBXFrameworksBuildPhase;
			buildActionMask = 2147483647;
			files = (
			);
			runOnlyForDeploymentPostprocessing = 0;
		};
/* End PBXFrameworksBuildPhase section */

/* Begin PBXGroup section */
		1A0D96812C5A14CC00784CBA /* ViewModels */ = {
			isa = PBXGroup;
			children = (
				1A0D96822C5A14F300784CBA /* CameraViewModel.swift */,
				3C0D21912D26EC2600F2FED8 /* AlarmSettingViewModel.swift */,
				3C0D21932D2AB59D00F2FED8 /* MainTabViewModel.swift */,
			);
			path = ViewModels;
			sourceTree = "<group>";
		};
		1A2472A22C57A79C00A135D9 /* Models */ = {
			isa = PBXGroup;
			children = (
				1AFB12B02C77245500952121 /* PhotoTodoModel.swift */,
			);
			path = Models;
			sourceTree = "<group>";
		};
		1A2778D12C56395900A02C7E = {
			isa = PBXGroup;
			children = (
				1A2778DC2C56395900A02C7E /* PhotoTodo */,
				1AFB12A22C77243A00952121 /* ShareImage */,
				1A2778DB2C56395900A02C7E /* Products */,
			);
			sourceTree = "<group>";
		};
		1A2778DB2C56395900A02C7E /* Products */ = {
			isa = PBXGroup;
			children = (
				1A2778DA2C56395900A02C7E /* PhotoTodo.app */,
				1AFB12A12C77243A00952121 /* ShareImage.appex */,
			);
			name = Products;
			sourceTree = "<group>";
		};
		1A2778DC2C56395900A02C7E /* PhotoTodo */ = {
			isa = PBXGroup;
			children = (
				1A2778DD2C56395900A02C7E /* PhotoTodoApp.swift */,
				3CC113B42C72036100281EBD /* Info.plist */,
				1AFB12B42C7724BC00952121 /* PhotoTodo.entitlements */,
				1A2472A22C57A79C00A135D9 /* Models */,
				3C0D21872D26D3A700F2FED8 /* Views */,
				1A0D96812C5A14CC00784CBA /* ViewModels */,
				3C0D21882D26D55900F2FED8 /* Service */,
				3C0D21862D26D38000F2FED8 /* Assets */,
				3C0D21852D26D32300F2FED8 /* Extensions */,
			);
			path = PhotoTodo;
			sourceTree = "<group>";
		};
		1A2778E52C56395A00A02C7E /* Preview Content */ = {
			isa = PBXGroup;
			children = (
				1A2778E62C56395A00A02C7E /* Preview Assets.xcassets */,
			);
			path = "Preview Content";
			sourceTree = "<group>";
		};
		1AFB12A22C77243A00952121 /* ShareImage */ = {
			isa = PBXGroup;
			children = (
				1AFB12B32C7724B000952121 /* ShareImage.entitlements */,
				1AFB12A32C77243A00952121 /* ShareViewController.swift */,
				1AFB12A52C77243A00952121 /* MainInterface.storyboard */,
				1AFB12A82C77243A00952121 /* Info.plist */,
			);
			path = ShareImage;
			sourceTree = "<group>";
		};
		3C0D21852D26D32300F2FED8 /* Extensions */ = {
			isa = PBXGroup;
			children = (
				3C90390C2C623EFF00025335 /* Date+Extension.swift */,
			);
			path = Extensions;
			sourceTree = "<group>";
		};
		3C0D21862D26D38000F2FED8 /* Assets */ = {
			isa = PBXGroup;
			children = (
				1A2778E32C56395A00A02C7E /* Assets.xcassets */,
				1A2778E52C56395A00A02C7E /* Preview Content */,
			);
			path = Assets;
			sourceTree = "<group>";
		};
		3C0D21872D26D3A700F2FED8 /* Views */ = {
			isa = PBXGroup;
			children = (
				3CB22B5C2CC8EA3B00337F9E /* OnboardingView.swift */,
				1A2E5C892C5C617D00BAFD13 /* MainTabView.swift */,
				131501CC2C61FCA000AAA4A2 /* AlarmSettingView.swift */,
				3C0D21892D26D93600F2FED8 /* TodoList */,
				3C0D218A2D26D96E00F2FED8 /* FolderList */,
				3C0D218B2D26D9B200F2FED8 /* TodoDetail */,
				3C0D218C2D26DA3F00F2FED8 /* Dashboard */,
			);
			path = Views;
			sourceTree = "<group>";
		};
		3C0D21882D26D55900F2FED8 /* Service */ = {
			isa = PBXGroup;
			children = (
				3CC1139A2C69169A00281EBD /* NotificationManager.swift */,
			);
			path = Service;
			sourceTree = "<group>";
		};
		3C0D21892D26D93600F2FED8 /* TodoList */ = {
			isa = PBXGroup;
			children = (
				1A2778F72C5741BD00A02C7E /* MasterTodoView.swift */,
				1A2E5C8F2C634BAE00BAFD13 /* DoneListView.swift */,
				1A2E5C872C5B990D00BAFD13 /* TodoCompositeGridView.swift */,
				1A2778F92C5741CF00A02C7E /* TodoGridView.swift */,
				1A0D96742C59287600784CBA /* TodoItemView.swift */,
				1A619E492C7DC68A0082FD5C /* ToastView.swift */,
			);
			path = TodoList;
			sourceTree = "<group>";
		};
		3C0D218A2D26D96E00F2FED8 /* FolderList */ = {
			isa = PBXGroup;
			children = (
				1A2778F52C57416800A02C7E /* FolderListView.swift */,
				4F46B28A2C5C7E2100556646 /* FolderEditView.swift */,
			);
			path = FolderList;
			sourceTree = "<group>";
		};
		3C0D218B2D26D9B200F2FED8 /* TodoDetail */ = {
			isa = PBXGroup;
			children = (
				1A2778F32C57415900A02C7E /* CameraView.swift */,
				1A0D96842C5A150D00784CBA /* CameraPreview.swift */,
				1A0D96862C5A152A00784CBA /* MakeTodoView.swift */,
				1A2E5C832C5B573400BAFD13 /* FolderCarouselView.swift */,
			);
			path = TodoDetail;
			sourceTree = "<group>";
		};
		3C0D218C2D26DA3F00F2FED8 /* Dashboard */ = {
			isa = PBXGroup;
			children = (
				1A2778FB2C57719B00A02C7E /* DashBoardView.swift */,
			);
			path = Dashboard;
			sourceTree = "<group>";
		};
/* End PBXGroup section */

/* Begin PBXNativeTarget section */
		1A2778D92C56395900A02C7E /* PhotoTodo */ = {
			isa = PBXNativeTarget;
			buildConfigurationList = 1A2778EA2C56395A00A02C7E /* Build configuration list for PBXNativeTarget "PhotoTodo" */;
			buildPhases = (
				1A2778D62C56395900A02C7E /* Sources */,
				1A2778D72C56395900A02C7E /* Frameworks */,
				1A2778D82C56395900A02C7E /* Resources */,
				1AFB12AF2C77243A00952121 /* Embed Foundation Extensions */,
			);
			buildRules = (
			);
			dependencies = (
				1AFB12AA2C77243A00952121 /* PBXTargetDependency */,
			);
			name = PhotoTodo;
			packageProductDependencies = (
				1A2E5C812C5B557200BAFD13 /* SkeletonUI */,
				1AFB127D2C69C22D00952121 /* Collections */,
			);
			productName = "2024-MC3-A05-PhotoTodo";
			productReference = 1A2778DA2C56395900A02C7E /* PhotoTodo.app */;
			productType = "com.apple.product-type.application";
		};
		1AFB12A02C77243A00952121 /* ShareImage */ = {
			isa = PBXNativeTarget;
			buildConfigurationList = 1AFB12AC2C77243A00952121 /* Build configuration list for PBXNativeTarget "ShareImage" */;
			buildPhases = (
				1AFB129D2C77243A00952121 /* Sources */,
				1AFB129E2C77243A00952121 /* Frameworks */,
				1AFB129F2C77243A00952121 /* Resources */,
			);
			buildRules = (
			);
			dependencies = (
			);
			name = ShareImage;
			productName = ShareImage;
			productReference = 1AFB12A12C77243A00952121 /* ShareImage.appex */;
			productType = "com.apple.product-type.app-extension";
		};
/* End PBXNativeTarget section */

/* Begin PBXProject section */
		1A2778D22C56395900A02C7E /* Project object */ = {
			isa = PBXProject;
			attributes = {
				BuildIndependentTargetsInParallel = 1;
				LastSwiftUpdateCheck = 1540;
				LastUpgradeCheck = 1540;
				TargetAttributes = {
					1A2778D92C56395900A02C7E = {
						CreatedOnToolsVersion = 15.4;
					};
					1AFB12A02C77243A00952121 = {
						CreatedOnToolsVersion = 15.4;
					};
				};
			};
			buildConfigurationList = 1A2778D52C56395900A02C7E /* Build configuration list for PBXProject "PhotoTodo" */;
			compatibilityVersion = "Xcode 14.0";
			developmentRegion = ko;
			hasScannedForEncodings = 0;
			knownRegions = (
				en,
				Base,
				ko,
			);
			mainGroup = 1A2778D12C56395900A02C7E;
			packageReferences = (
				1A2E5C802C5B557200BAFD13 /* XCRemoteSwiftPackageReference "SkeletonUI" */,
				1AFB127C2C69C22D00952121 /* XCRemoteSwiftPackageReference "swift-collections" */,
			);
			productRefGroup = 1A2778DB2C56395900A02C7E /* Products */;
			projectDirPath = "";
			projectRoot = "";
			targets = (
				1A2778D92C56395900A02C7E /* PhotoTodo */,
				1AFB12A02C77243A00952121 /* ShareImage */,
			);
		};
/* End PBXProject section */

/* Begin PBXResourcesBuildPhase section */
		1A2778D82C56395900A02C7E /* Resources */ = {
			isa = PBXResourcesBuildPhase;
			buildActionMask = 2147483647;
			files = (
				1A2778E72C56395A00A02C7E /* Preview Assets.xcassets in Resources */,
				1A2778E42C56395A00A02C7E /* Assets.xcassets in Resources */,
			);
			runOnlyForDeploymentPostprocessing = 0;
		};
		1AFB129F2C77243A00952121 /* Resources */ = {
			isa = PBXResourcesBuildPhase;
			buildActionMask = 2147483647;
			files = (
				1AFB12A72C77243A00952121 /* Base in Resources */,
			);
			runOnlyForDeploymentPostprocessing = 0;
		};
/* End PBXResourcesBuildPhase section */

/* Begin PBXSourcesBuildPhase section */
		1A2778D62C56395900A02C7E /* Sources */ = {
			isa = PBXSourcesBuildPhase;
			buildActionMask = 2147483647;
			files = (
				1A2E5C8A2C5C617D00BAFD13 /* MainTabView.swift in Sources */,
				1A619E4A2C7DC68A0082FD5C /* ToastView.swift in Sources */,
				1A2E5C882C5B990D00BAFD13 /* TodoCompositeGridView.swift in Sources */,
				1A2778FC2C57719B00A02C7E /* DashBoardView.swift in Sources */,
				3C0D21942D2AB59D00F2FED8 /* MainTabViewModel.swift in Sources */,
				3C90390D2C623EFF00025335 /* Date+Extension.swift in Sources */,
				3CC1139B2C69169B00281EBD /* NotificationManager.swift in Sources */,
				3CB22B5D2CC8EA3B00337F9E /* OnboardingView.swift in Sources */,
				1A2E5C842C5B573400BAFD13 /* FolderCarouselView.swift in Sources */,
				1A2E5C902C634BAE00BAFD13 /* DoneListView.swift in Sources */,
				1A2778F82C5741BD00A02C7E /* MasterTodoView.swift in Sources */,
				4F46B28B2C5C7E2100556646 /* FolderEditView.swift in Sources */,
				1A0D96872C5A152A00784CBA /* MakeTodoView.swift in Sources */,
				1A2778FA2C5741CF00A02C7E /* TodoGridView.swift in Sources */,
				1A2778F62C57416800A02C7E /* FolderListView.swift in Sources */,
				1AFB12B12C77245500952121 /* PhotoTodoModel.swift in Sources */,
				3C0D21922D26EC2600F2FED8 /* AlarmSettingViewModel.swift in Sources */,
				1A0D96752C59287600784CBA /* TodoItemView.swift in Sources */,
				1A0D96832C5A14F300784CBA /* CameraViewModel.swift in Sources */,
				1A0D96852C5A150D00784CBA /* CameraPreview.swift in Sources */,
				1A2778DE2C56395900A02C7E /* PhotoTodoApp.swift in Sources */,
				1A2778F42C57415900A02C7E /* CameraView.swift in Sources */,
				131501CD2C61FCA000AAA4A2 /* AlarmSettingView.swift in Sources */,
			);
			runOnlyForDeploymentPostprocessing = 0;
		};
		1AFB129D2C77243A00952121 /* Sources */ = {
			isa = PBXSourcesBuildPhase;
			buildActionMask = 2147483647;
			files = (
				1AFB12B22C77245500952121 /* PhotoTodoModel.swift in Sources */,
				1AFB12A42C77243A00952121 /* ShareViewController.swift in Sources */,
			);
			runOnlyForDeploymentPostprocessing = 0;
		};
/* End PBXSourcesBuildPhase section */

/* Begin PBXTargetDependency section */
		1AFB12AA2C77243A00952121 /* PBXTargetDependency */ = {
			isa = PBXTargetDependency;
			target = 1AFB12A02C77243A00952121 /* ShareImage */;
			targetProxy = 1AFB12A92C77243A00952121 /* PBXContainerItemProxy */;
		};
/* End PBXTargetDependency section */

/* Begin PBXVariantGroup section */
		1AFB12A52C77243A00952121 /* MainInterface.storyboard */ = {
			isa = PBXVariantGroup;
			children = (
				1AFB12A62C77243A00952121 /* Base */,
			);
			name = MainInterface.storyboard;
			sourceTree = "<group>";
		};
/* End PBXVariantGroup section */

/* Begin XCBuildConfiguration section */
		1A2778E82C56395A00A02C7E /* Debug */ = {
			isa = XCBuildConfiguration;
			buildSettings = {
				ALWAYS_SEARCH_USER_PATHS = NO;
				ASSETCATALOG_COMPILER_GENERATE_SWIFT_ASSET_SYMBOL_EXTENSIONS = YES;
				CLANG_ANALYZER_NONNULL = YES;
				CLANG_ANALYZER_NUMBER_OBJECT_CONVERSION = YES_AGGRESSIVE;
				CLANG_CXX_LANGUAGE_STANDARD = "gnu++20";
				CLANG_ENABLE_MODULES = YES;
				CLANG_ENABLE_OBJC_ARC = YES;
				CLANG_ENABLE_OBJC_WEAK = YES;
				CLANG_WARN_BLOCK_CAPTURE_AUTORELEASING = YES;
				CLANG_WARN_BOOL_CONVERSION = YES;
				CLANG_WARN_COMMA = YES;
				CLANG_WARN_CONSTANT_CONVERSION = YES;
				CLANG_WARN_DEPRECATED_OBJC_IMPLEMENTATIONS = YES;
				CLANG_WARN_DIRECT_OBJC_ISA_USAGE = YES_ERROR;
				CLANG_WARN_DOCUMENTATION_COMMENTS = YES;
				CLANG_WARN_EMPTY_BODY = YES;
				CLANG_WARN_ENUM_CONVERSION = YES;
				CLANG_WARN_INFINITE_RECURSION = YES;
				CLANG_WARN_INT_CONVERSION = YES;
				CLANG_WARN_NON_LITERAL_NULL_CONVERSION = YES;
				CLANG_WARN_OBJC_IMPLICIT_RETAIN_SELF = YES;
				CLANG_WARN_OBJC_LITERAL_CONVERSION = YES;
				CLANG_WARN_OBJC_ROOT_CLASS = YES_ERROR;
				CLANG_WARN_QUOTED_INCLUDE_IN_FRAMEWORK_HEADER = YES;
				CLANG_WARN_RANGE_LOOP_ANALYSIS = YES;
				CLANG_WARN_STRICT_PROTOTYPES = YES;
				CLANG_WARN_SUSPICIOUS_MOVE = YES;
				CLANG_WARN_UNGUARDED_AVAILABILITY = YES_AGGRESSIVE;
				CLANG_WARN_UNREACHABLE_CODE = YES;
				CLANG_WARN__DUPLICATE_METHOD_MATCH = YES;
				COPY_PHASE_STRIP = NO;
				DEBUG_INFORMATION_FORMAT = dwarf;
				ENABLE_STRICT_OBJC_MSGSEND = YES;
				ENABLE_TESTABILITY = YES;
				ENABLE_USER_SCRIPT_SANDBOXING = YES;
				GCC_C_LANGUAGE_STANDARD = gnu17;
				GCC_DYNAMIC_NO_PIC = NO;
				GCC_NO_COMMON_BLOCKS = YES;
				GCC_OPTIMIZATION_LEVEL = 0;
				GCC_PREPROCESSOR_DEFINITIONS = (
					"DEBUG=1",
					"$(inherited)",
				);
				GCC_WARN_64_TO_32_BIT_CONVERSION = YES;
				GCC_WARN_ABOUT_RETURN_TYPE = YES_ERROR;
				GCC_WARN_UNDECLARED_SELECTOR = YES;
				GCC_WARN_UNINITIALIZED_AUTOS = YES_AGGRESSIVE;
				GCC_WARN_UNUSED_FUNCTION = YES;
				GCC_WARN_UNUSED_VARIABLE = YES;
				IPHONEOS_DEPLOYMENT_TARGET = 17.4;
				LOCALIZATION_PREFERS_STRING_CATALOGS = YES;
				MTL_ENABLE_DEBUG_INFO = INCLUDE_SOURCE;
				MTL_FAST_MATH = YES;
				ONLY_ACTIVE_ARCH = YES;
				SDKROOT = iphoneos;
				SWIFT_ACTIVE_COMPILATION_CONDITIONS = "DEBUG $(inherited)";
				SWIFT_OPTIMIZATION_LEVEL = "-Onone";
			};
			name = Debug;
		};
		1A2778E92C56395A00A02C7E /* Release */ = {
			isa = XCBuildConfiguration;
			buildSettings = {
				ALWAYS_SEARCH_USER_PATHS = NO;
				ASSETCATALOG_COMPILER_GENERATE_SWIFT_ASSET_SYMBOL_EXTENSIONS = YES;
				CLANG_ANALYZER_NONNULL = YES;
				CLANG_ANALYZER_NUMBER_OBJECT_CONVERSION = YES_AGGRESSIVE;
				CLANG_CXX_LANGUAGE_STANDARD = "gnu++20";
				CLANG_ENABLE_MODULES = YES;
				CLANG_ENABLE_OBJC_ARC = YES;
				CLANG_ENABLE_OBJC_WEAK = YES;
				CLANG_WARN_BLOCK_CAPTURE_AUTORELEASING = YES;
				CLANG_WARN_BOOL_CONVERSION = YES;
				CLANG_WARN_COMMA = YES;
				CLANG_WARN_CONSTANT_CONVERSION = YES;
				CLANG_WARN_DEPRECATED_OBJC_IMPLEMENTATIONS = YES;
				CLANG_WARN_DIRECT_OBJC_ISA_USAGE = YES_ERROR;
				CLANG_WARN_DOCUMENTATION_COMMENTS = YES;
				CLANG_WARN_EMPTY_BODY = YES;
				CLANG_WARN_ENUM_CONVERSION = YES;
				CLANG_WARN_INFINITE_RECURSION = YES;
				CLANG_WARN_INT_CONVERSION = YES;
				CLANG_WARN_NON_LITERAL_NULL_CONVERSION = YES;
				CLANG_WARN_OBJC_IMPLICIT_RETAIN_SELF = YES;
				CLANG_WARN_OBJC_LITERAL_CONVERSION = YES;
				CLANG_WARN_OBJC_ROOT_CLASS = YES_ERROR;
				CLANG_WARN_QUOTED_INCLUDE_IN_FRAMEWORK_HEADER = YES;
				CLANG_WARN_RANGE_LOOP_ANALYSIS = YES;
				CLANG_WARN_STRICT_PROTOTYPES = YES;
				CLANG_WARN_SUSPICIOUS_MOVE = YES;
				CLANG_WARN_UNGUARDED_AVAILABILITY = YES_AGGRESSIVE;
				CLANG_WARN_UNREACHABLE_CODE = YES;
				CLANG_WARN__DUPLICATE_METHOD_MATCH = YES;
				COPY_PHASE_STRIP = NO;
				DEBUG_INFORMATION_FORMAT = "dwarf-with-dsym";
				ENABLE_NS_ASSERTIONS = NO;
				ENABLE_STRICT_OBJC_MSGSEND = YES;
				ENABLE_USER_SCRIPT_SANDBOXING = YES;
				GCC_C_LANGUAGE_STANDARD = gnu17;
				GCC_NO_COMMON_BLOCKS = YES;
				GCC_WARN_64_TO_32_BIT_CONVERSION = YES;
				GCC_WARN_ABOUT_RETURN_TYPE = YES_ERROR;
				GCC_WARN_UNDECLARED_SELECTOR = YES;
				GCC_WARN_UNINITIALIZED_AUTOS = YES_AGGRESSIVE;
				GCC_WARN_UNUSED_FUNCTION = YES;
				GCC_WARN_UNUSED_VARIABLE = YES;
				IPHONEOS_DEPLOYMENT_TARGET = 17.4;
				LOCALIZATION_PREFERS_STRING_CATALOGS = YES;
				MTL_ENABLE_DEBUG_INFO = NO;
				MTL_FAST_MATH = YES;
				SDKROOT = iphoneos;
				SWIFT_COMPILATION_MODE = wholemodule;
				VALIDATE_PRODUCT = YES;
			};
			name = Release;
		};
		1A2778EB2C56395A00A02C7E /* Debug */ = {
			isa = XCBuildConfiguration;
			buildSettings = {
				ALWAYS_EMBED_SWIFT_STANDARD_LIBRARIES = YES;
				ASSETCATALOG_COMPILER_APPICON_NAME = AppIcon;
				ASSETCATALOG_COMPILER_GLOBAL_ACCENT_COLOR_NAME = AccentColor;
				CODE_SIGN_ENTITLEMENTS = PhotoTodo/PhotoTodo.entitlements;
				CODE_SIGN_STYLE = Automatic;
				CURRENT_PROJECT_VERSION = 1;
				DEVELOPMENT_ASSET_PATHS = "\"PhotoTodo/Assets/Preview Content\"";
				DEVELOPMENT_TEAM = 4RG9LBF3XF;
				ENABLE_PREVIEWS = YES;
				GENERATE_INFOPLIST_FILE = YES;
				INFOPLIST_FILE = PhotoTodo/Info.plist;
				INFOPLIST_KEY_NSCameraUsageDescription = "TodoItem을 업로드하기 위해 카메라 사용이 필요합니다";
				INFOPLIST_KEY_NSPhotoLibraryAddUsageDescription = "";
				INFOPLIST_KEY_NSPhotoLibraryUsageDescription = "";
				INFOPLIST_KEY_UIApplicationSceneManifest_Generation = YES;
				INFOPLIST_KEY_UIApplicationSupportsIndirectInputEvents = YES;
				INFOPLIST_KEY_UILaunchScreen_Generation = YES;
				INFOPLIST_KEY_UISupportedInterfaceOrientations_iPad = "UIInterfaceOrientationPortrait UIInterfaceOrientationPortraitUpsideDown UIInterfaceOrientationLandscapeLeft UIInterfaceOrientationLandscapeRight";
				INFOPLIST_KEY_UISupportedInterfaceOrientations_iPhone = "UIInterfaceOrientationPortrait UIInterfaceOrientationLandscapeLeft UIInterfaceOrientationLandscapeRight";
				INFOPLIST_KEY_UIUserInterfaceStyle = Light;
				IPHONEOS_DEPLOYMENT_TARGET = 17.4;
				LD_RUNPATH_SEARCH_PATHS = (
					"$(inherited)",
					"@executable_path/Frameworks",
				);
				MARKETING_VERSION = 1.0;
				PRODUCT_BUNDLE_IDENTIFIER = "PhotoTodo-com.2024-MC3-A05-team5.PhotoTodo";
				PRODUCT_NAME = "$(TARGET_NAME)";
				SWIFT_EMIT_LOC_STRINGS = YES;
				SWIFT_VERSION = 5.0;
				TARGETED_DEVICE_FAMILY = "1,2";
			};
			name = Debug;
		};
		1A2778EC2C56395A00A02C7E /* Release */ = {
			isa = XCBuildConfiguration;
			buildSettings = {
				ALWAYS_EMBED_SWIFT_STANDARD_LIBRARIES = YES;
				ASSETCATALOG_COMPILER_APPICON_NAME = AppIcon;
				ASSETCATALOG_COMPILER_GLOBAL_ACCENT_COLOR_NAME = AccentColor;
				CODE_SIGN_ENTITLEMENTS = PhotoTodo/PhotoTodo.entitlements;
				CODE_SIGN_STYLE = Automatic;
				CURRENT_PROJECT_VERSION = 1;
				DEVELOPMENT_ASSET_PATHS = "\"PhotoTodo/Assets/Preview Content\"";
				DEVELOPMENT_TEAM = 4RG9LBF3XF;
				ENABLE_PREVIEWS = YES;
				GENERATE_INFOPLIST_FILE = YES;
				INFOPLIST_FILE = PhotoTodo/Info.plist;
				INFOPLIST_KEY_NSCameraUsageDescription = "TodoItem을 업로드하기 위해 카메라 사용이 필요합니다";
				INFOPLIST_KEY_NSPhotoLibraryAddUsageDescription = "";
				INFOPLIST_KEY_NSPhotoLibraryUsageDescription = "";
				INFOPLIST_KEY_UIApplicationSceneManifest_Generation = YES;
				INFOPLIST_KEY_UIApplicationSupportsIndirectInputEvents = YES;
				INFOPLIST_KEY_UILaunchScreen_Generation = YES;
				INFOPLIST_KEY_UISupportedInterfaceOrientations_iPad = "UIInterfaceOrientationPortrait UIInterfaceOrientationPortraitUpsideDown UIInterfaceOrientationLandscapeLeft UIInterfaceOrientationLandscapeRight";
				INFOPLIST_KEY_UISupportedInterfaceOrientations_iPhone = "UIInterfaceOrientationPortrait UIInterfaceOrientationLandscapeLeft UIInterfaceOrientationLandscapeRight";
				INFOPLIST_KEY_UIUserInterfaceStyle = Light;
				IPHONEOS_DEPLOYMENT_TARGET = 17.4;
				LD_RUNPATH_SEARCH_PATHS = (
					"$(inherited)",
					"@executable_path/Frameworks",
				);
				MARKETING_VERSION = 1.0;
				PRODUCT_BUNDLE_IDENTIFIER = "PhotoTodo-com.2024-MC3-A05-team5.PhotoTodo";
				PRODUCT_NAME = "$(TARGET_NAME)";
				SWIFT_EMIT_LOC_STRINGS = YES;
				SWIFT_VERSION = 5.0;
				TARGETED_DEVICE_FAMILY = "1,2";
			};
			name = Release;
		};
		1AFB12AD2C77243A00952121 /* Debug */ = {
			isa = XCBuildConfiguration;
			buildSettings = {
				CODE_SIGN_ENTITLEMENTS = ShareImage/ShareImage.entitlements;
				CODE_SIGN_STYLE = Automatic;
				CURRENT_PROJECT_VERSION = 1;
				DEVELOPMENT_TEAM = 2J2UA8CPHM;
				GENERATE_INFOPLIST_FILE = YES;
				INFOPLIST_FILE = ShareImage/Info.plist;
				INFOPLIST_KEY_CFBundleDisplayName = ShareImage;
				INFOPLIST_KEY_NSHumanReadableCopyright = "";
				IPHONEOS_DEPLOYMENT_TARGET = 17.5;
				LD_RUNPATH_SEARCH_PATHS = (
					"$(inherited)",
					"@executable_path/Frameworks",
					"@executable_path/../../Frameworks",
				);
				MARKETING_VERSION = 1.0;
				PRODUCT_BUNDLE_IDENTIFIER = "PhotoTodo-com.2024-MC3-A05-team5.PhotoTodo.ShareImage";
				PRODUCT_NAME = "$(TARGET_NAME)";
				SKIP_INSTALL = YES;
				SWIFT_EMIT_LOC_STRINGS = YES;
				SWIFT_VERSION = 5.0;
				TARGETED_DEVICE_FAMILY = "1,2";
			};
			name = Debug;
		};
		1AFB12AE2C77243A00952121 /* Release */ = {
			isa = XCBuildConfiguration;
			buildSettings = {
				CODE_SIGN_ENTITLEMENTS = ShareImage/ShareImage.entitlements;
				CODE_SIGN_STYLE = Automatic;
				CURRENT_PROJECT_VERSION = 1;
				DEVELOPMENT_TEAM = 2J2UA8CPHM;
				GENERATE_INFOPLIST_FILE = YES;
				INFOPLIST_FILE = ShareImage/Info.plist;
				INFOPLIST_KEY_CFBundleDisplayName = ShareImage;
				INFOPLIST_KEY_NSHumanReadableCopyright = "";
				IPHONEOS_DEPLOYMENT_TARGET = 17.5;
				LD_RUNPATH_SEARCH_PATHS = (
					"$(inherited)",
					"@executable_path/Frameworks",
					"@executable_path/../../Frameworks",
				);
				MARKETING_VERSION = 1.0;
				PRODUCT_BUNDLE_IDENTIFIER = "PhotoTodo-com.2024-MC3-A05-team5.PhotoTodo.ShareImage";
				PRODUCT_NAME = "$(TARGET_NAME)";
				SKIP_INSTALL = YES;
				SWIFT_EMIT_LOC_STRINGS = YES;
				SWIFT_VERSION = 5.0;
				TARGETED_DEVICE_FAMILY = "1,2";
			};
			name = Release;
		};
/* End XCBuildConfiguration section */

/* Begin XCConfigurationList section */
		1A2778D52C56395900A02C7E /* Build configuration list for PBXProject "PhotoTodo" */ = {
			isa = XCConfigurationList;
			buildConfigurations = (
				1A2778E82C56395A00A02C7E /* Debug */,
				1A2778E92C56395A00A02C7E /* Release */,
			);
			defaultConfigurationIsVisible = 0;
			defaultConfigurationName = Release;
		};
		1A2778EA2C56395A00A02C7E /* Build configuration list for PBXNativeTarget "PhotoTodo" */ = {
			isa = XCConfigurationList;
			buildConfigurations = (
				1A2778EB2C56395A00A02C7E /* Debug */,
				1A2778EC2C56395A00A02C7E /* Release */,
			);
			defaultConfigurationIsVisible = 0;
			defaultConfigurationName = Release;
		};
		1AFB12AC2C77243A00952121 /* Build configuration list for PBXNativeTarget "ShareImage" */ = {
			isa = XCConfigurationList;
			buildConfigurations = (
				1AFB12AD2C77243A00952121 /* Debug */,
				1AFB12AE2C77243A00952121 /* Release */,
			);
			defaultConfigurationIsVisible = 0;
			defaultConfigurationName = Release;
		};
/* End XCConfigurationList section */

/* Begin XCRemoteSwiftPackageReference section */
		1A2E5C802C5B557200BAFD13 /* XCRemoteSwiftPackageReference "SkeletonUI" */ = {
			isa = XCRemoteSwiftPackageReference;
			repositoryURL = "https://github.com/CSolanaM/SkeletonUI";
			requirement = {
				kind = upToNextMajorVersion;
				minimumVersion = 2.0.2;
			};
		};
		1AFB127C2C69C22D00952121 /* XCRemoteSwiftPackageReference "swift-collections" */ = {
			isa = XCRemoteSwiftPackageReference;
			repositoryURL = "https://github.com/apple/swift-collections.git";
			requirement = {
				kind = upToNextMajorVersion;
				minimumVersion = 1.1.2;
			};
		};
/* End XCRemoteSwiftPackageReference section */

/* Begin XCSwiftPackageProductDependency section */
		1A2E5C812C5B557200BAFD13 /* SkeletonUI */ = {
			isa = XCSwiftPackageProductDependency;
			package = 1A2E5C802C5B557200BAFD13 /* XCRemoteSwiftPackageReference "SkeletonUI" */;
			productName = SkeletonUI;
		};
		1AFB127D2C69C22D00952121 /* Collections */ = {
			isa = XCSwiftPackageProductDependency;
			package = 1AFB127C2C69C22D00952121 /* XCRemoteSwiftPackageReference "swift-collections" */;
			productName = Collections;
		};
/* End XCSwiftPackageProductDependency section */
	};
	rootObject = 1A2778D22C56395900A02C7E /* Project object */;
}
